// !$*UTF8*$!
{
	archiveVersion = 1;
	classes = {
	};
	objectVersion = 50;
	objects = {

/* Begin PBXBuildFile section */
		132BEEDE2663E02000D2A75F /* AppDelegate.swift in Sources */ = {isa = PBXBuildFile; fileRef = 132BEEDD2663E02000D2A75F /* AppDelegate.swift */; };
		132BEEE02663E02000D2A75F /* SceneDelegate.swift in Sources */ = {isa = PBXBuildFile; fileRef = 132BEEDF2663E02000D2A75F /* SceneDelegate.swift */; };
		132BEEE22663E02000D2A75F /* ViewController.swift in Sources */ = {isa = PBXBuildFile; fileRef = 132BEEE12663E02000D2A75F /* ViewController.swift */; };
		132BEEE52663E02000D2A75F /* Main.storyboard in Resources */ = {isa = PBXBuildFile; fileRef = 132BEEE32663E02000D2A75F /* Main.storyboard */; };
		132BEEE72663E02100D2A75F /* Assets.xcassets in Resources */ = {isa = PBXBuildFile; fileRef = 132BEEE62663E02100D2A75F /* Assets.xcassets */; };
		132BEEEA2663E02100D2A75F /* LaunchScreen.storyboard in Resources */ = {isa = PBXBuildFile; fileRef = 132BEEE82663E02100D2A75F /* LaunchScreen.storyboard */; };
		132BEEF22663E03E00D2A75F /* CircleChartView.swift in Sources */ = {isa = PBXBuildFile; fileRef = 132BEEF12663E03E00D2A75F /* CircleChartView.swift */; };
/* End PBXBuildFile section */

/* Begin PBXFileReference section */
		132BEEDA2663E02000D2A75F /* Circle Chart.app */ = {isa = PBXFileReference; explicitFileType = wrapper.application; includeInIndex = 0; path = "Circle Chart.app"; sourceTree = BUILT_PRODUCTS_DIR; };
		132BEEDD2663E02000D2A75F /* AppDelegate.swift */ = {isa = PBXFileReference; lastKnownFileType = sourcecode.swift; path = AppDelegate.swift; sourceTree = "<group>"; };
		132BEEDF2663E02000D2A75F /* SceneDelegate.swift */ = {isa = PBXFileReference; lastKnownFileType = sourcecode.swift; path = SceneDelegate.swift; sourceTree = "<group>"; };
		132BEEE12663E02000D2A75F /* ViewController.swift */ = {isa = PBXFileReference; lastKnownFileType = sourcecode.swift; path = ViewController.swift; sourceTree = "<group>"; };
		132BEEE42663E02000D2A75F /* Base */ = {isa = PBXFileReference; lastKnownFileType = file.storyboard; name = Base; path = Base.lproj/Main.storyboard; sourceTree = "<group>"; };
		132BEEE62663E02100D2A75F /* Assets.xcassets */ = {isa = PBXFileReference; lastKnownFileType = folder.assetcatalog; path = Assets.xcassets; sourceTree = "<group>"; };
		132BEEE92663E02100D2A75F /* Base */ = {isa = PBXFileReference; lastKnownFileType = file.storyboard; name = Base; path = Base.lproj/LaunchScreen.storyboard; sourceTree = "<group>"; };
		132BEEEB2663E02100D2A75F /* Info.plist */ = {isa = PBXFileReference; lastKnownFileType = text.plist.xml; path = Info.plist; sourceTree = "<group>"; };
		132BEEF12663E03E00D2A75F /* CircleChartView.swift */ = {isa = PBXFileReference; lastKnownFileType = sourcecode.swift; path = CircleChartView.swift; sourceTree = "<group>"; };
/* End PBXFileReference section */

/* Begin PBXFrameworksBuildPhase section */
		132BEED72663E02000D2A75F /* Frameworks */ = {
			isa = PBXFrameworksBuildPhase;
			buildActionMask = 2147483647;
			files = (
			);
			runOnlyForDeploymentPostprocessing = 0;
		};
/* End PBXFrameworksBuildPhase section */

/* Begin PBXGroup section */
		132BEED12663E02000D2A75F = {
			isa = PBXGroup;
			children = (
				132BEEDC2663E02000D2A75F /* Circle Chart */,
				132BEEDB2663E02000D2A75F /* Products */,
			);
			sourceTree = "<group>";
		};
		132BEEDB2663E02000D2A75F /* Products */ = {
			isa = PBXGroup;
			children = (
				132BEEDA2663E02000D2A75F /* Circle Chart.app */,
			);
			name = Products;
			sourceTree = "<group>";
		};
		132BEEDC2663E02000D2A75F /* Circle Chart */ = {
			isa = PBXGroup;
			children = (
				132BEEDD2663E02000D2A75F /* AppDelegate.swift */,
				132BEEDF2663E02000D2A75F /* SceneDelegate.swift */,
				132BEEE12663E02000D2A75F /* ViewController.swift */,
				132BEEE32663E02000D2A75F /* Main.storyboard */,
				132BEEE62663E02100D2A75F /* Assets.xcassets */,
				132BEEE82663E02100D2A75F /* LaunchScreen.storyboard */,
				132BEEEB2663E02100D2A75F /* Info.plist */,
				132BEEF12663E03E00D2A75F /* CircleChartView.swift */,
			);
			path = "Circle Chart";
			sourceTree = "<group>";
		};
/* End PBXGroup section */

/* Begin PBXNativeTarget section */
		132BEED92663E02000D2A75F /* Circle Chart */ = {
			isa = PBXNativeTarget;
			buildConfigurationList = 132BEEEE2663E02100D2A75F /* Build configuration list for PBXNativeTarget "Circle Chart" */;
			buildPhases = (
				132BEED62663E02000D2A75F /* Sources */,
				132BEED72663E02000D2A75F /* Frameworks */,
				132BEED82663E02000D2A75F /* Resources */,
			);
			buildRules = (
			);
			dependencies = (
			);
			name = "Circle Chart";
			productName = "Circle Chart";
			productReference = 132BEEDA2663E02000D2A75F /* Circle Chart.app */;
			productType = "com.apple.product-type.application";
		};
/* End PBXNativeTarget section */

/* Begin PBXProject section */
		132BEED22663E02000D2A75F /* Project object */ = {
			isa = PBXProject;
			attributes = {
				LastSwiftUpdateCheck = 1250;
				LastUpgradeCheck = 1250;
				TargetAttributes = {
					132BEED92663E02000D2A75F = {
						CreatedOnToolsVersion = 12.5;
					};
				};
			};
			buildConfigurationList = 132BEED52663E02000D2A75F /* Build configuration list for PBXProject "Circle Chart" */;
			compatibilityVersion = "Xcode 9.3";
			developmentRegion = en;
			hasScannedForEncodings = 0;
			knownRegions = (
				en,
				Base,
			);
			mainGroup = 132BEED12663E02000D2A75F;
			productRefGroup = 132BEEDB2663E02000D2A75F /* Products */;
			projectDirPath = "";
			projectRoot = "";
			targets = (
				132BEED92663E02000D2A75F /* Circle Chart */,
			);
		};
/* End PBXProject section */

/* Begin PBXResourcesBuildPhase section */
		132BEED82663E02000D2A75F /* Resources */ = {
			isa = PBXResourcesBuildPhase;
			buildActionMask = 2147483647;
			files = (
				132BEEEA2663E02100D2A75F /* LaunchScreen.storyboard in Resources */,
				132BEEE72663E02100D2A75F /* Assets.xcassets in Resources */,
				132BEEE52663E02000D2A75F /* Main.storyboard in Resources */,
			);
			runOnlyForDeploymentPostprocessing = 0;
		};
/* End PBXResourcesBuildPhase section */

/* Begin PBXSourcesBuildPhase section */
		132BEED62663E02000D2A75F /* Sources */ = {
			isa = PBXSourcesBuildPhase;
			buildActionMask = 2147483647;
			files = (
				132BEEE22663E02000D2A75F /* ViewController.swift in Sources */,
				132BEEDE2663E02000D2A75F /* AppDelegate.swift in Sources */,
				132BEEE02663E02000D2A75F /* SceneDelegate.swift in Sources */,
				132BEEF22663E03E00D2A75F /* CircleChartView.swift in Sources */,
			);
			runOnlyForDeploymentPostprocessing = 0;
		};
/* End PBXSourcesBuildPhase section */

/* Begin PBXVariantGroup section */
		132BEEE32663E02000D2A75F /* Main.storyboard */ = {
			isa = PBXVariantGroup;
			children = (
				132BEEE42663E02000D2A75F /* Base */,
			);
			name = Main.storyboard;
			sourceTree = "<group>";
		};
		132BEEE82663E02100D2A75F /* LaunchScreen.storyboard */ = {
			isa = PBXVariantGroup;
			children = (
				132BEEE92663E02100D2A75F /* Base */,
			);
			name = LaunchScreen.storyboard;
			sourceTree = "<group>";
		};
/* End PBXVariantGroup section */

/* Begin XCBuildConfiguration section */
		132BEEEC2663E02100D2A75F /* Debug */ = {
			isa = XCBuildConfiguration;
			buildSettings = {
				ALWAYS_SEARCH_USER_PATHS = NO;
				CLANG_ANALYZER_NONNULL = YES;
				CLANG_ANALYZER_NUMBER_OBJECT_CONVERSION = YES_AGGRESSIVE;
				CLANG_CXX_LANGUAGE_STANDARD = "gnu++14";
				CLANG_CXX_LIBRARY = "libc++";
				CLANG_ENABLE_MODULES = YES;
				CLANG_ENABLE_OBJC_ARC = YES;
				CLANG_ENABLE_OBJC_WEAK = YES;
				CLANG_WARN_BLOCK_CAPTURE_AUTORELEASING = YES;
				CLANG_WARN_BOOL_CONVERSION = YES;
				CLANG_WARN_COMMA = YES;
				CLANG_WARN_CONSTANT_CONVERSION = YES;
				CLANG_WARN_DEPRECATED_OBJC_IMPLEMENTATIONS = YES;
				CLANG_WARN_DIRECT_OBJC_ISA_USAGE = YES_ERROR;
				CLANG_WARN_DOCUMENTATION_COMMENTS = YES;
				CLANG_WARN_EMPTY_BODY = YES;
				CLANG_WARN_ENUM_CONVERSION = YES;
				CLANG_WARN_INFINITE_RECURSION = YES;
				CLANG_WARN_INT_CONVERSION = YES;
				CLANG_WARN_NON_LITERAL_NULL_CONVERSION = YES;
				CLANG_WARN_OBJC_IMPLICIT_RETAIN_SELF = YES;
				CLANG_WARN_OBJC_LITERAL_CONVERSION = YES;
				CLANG_WARN_OBJC_ROOT_CLASS = YES_ERROR;
				CLANG_WARN_QUOTED_INCLUDE_IN_FRAMEWORK_HEADER = YES;
				CLANG_WARN_RANGE_LOOP_ANALYSIS = YES;
				CLANG_WARN_STRICT_PROTOTYPES = YES;
				CLANG_WARN_SUSPICIOUS_MOVE = YES;
				CLANG_WARN_UNGUARDED_AVAILABILITY = YES_AGGRESSIVE;
				CLANG_WARN_UNREACHABLE_CODE = YES;
				CLANG_WARN__DUPLICATE_METHOD_MATCH = YES;
				COPY_PHASE_STRIP = NO;
				DEBUG_INFORMATION_FORMAT = dwarf;
				ENABLE_STRICT_OBJC_MSGSEND = YES;
				ENABLE_TESTABILITY = YES;
				GCC_C_LANGUAGE_STANDARD = gnu11;
				GCC_DYNAMIC_NO_PIC = NO;
				GCC_NO_COMMON_BLOCKS = YES;
				GCC_OPTIMIZATION_LEVEL = 0;
				GCC_PREPROCESSOR_DEFINITIONS = (
					"DEBUG=1",
					"$(inherited)",
				);
				GCC_WARN_64_TO_32_BIT_CONVERSION = YES;
				GCC_WARN_ABOUT_RETURN_TYPE = YES_ERROR;
				GCC_WARN_UNDECLARED_SELECTOR = YES;
				GCC_WARN_UNINITIALIZED_AUTOS = YES_AGGRESSIVE;
				GCC_WARN_UNUSED_FUNCTION = YES;
				GCC_WARN_UNUSED_VARIABLE = YES;
				IPHONEOS_DEPLOYMENT_TARGET = 14.5;
				MTL_ENABLE_DEBUG_INFO = INCLUDE_SOURCE;
				MTL_FAST_MATH = YES;
				ONLY_ACTIVE_ARCH = YES;
				SDKROOT = iphoneos;
				SWIFT_ACTIVE_COMPILATION_CONDITIONS = DEBUG;
				SWIFT_OPTIMIZATION_LEVEL = "-Onone";
			};
			name = Debug;
		};
		132BEEED2663E02100D2A75F /* Release */ = {
			isa = XCBuildConfiguration;
			buildSettings = {
				ALWAYS_SEARCH_USER_PATHS = NO;
				CLANG_ANALYZER_NONNULL = YES;
				CLANG_ANALYZER_NUMBER_OBJECT_CONVERSION = YES_AGGRESSIVE;
				CLANG_CXX_LANGUAGE_STANDARD = "gnu++14";
				CLANG_CXX_LIBRARY = "libc++";
				CLANG_ENABLE_MODULES = YES;
				CLANG_ENABLE_OBJC_ARC = YES;
				CLANG_ENABLE_OBJC_WEAK = YES;
				CLANG_WARN_BLOCK_CAPTURE_AUTORELEASING = YES;
				CLANG_WARN_BOOL_CONVERSION = YES;
				CLANG_WARN_COMMA = YES;
				CLANG_WARN_CONSTANT_CONVERSION = YES;
				CLANG_WARN_DEPRECATED_OBJC_IMPLEMENTATIONS = YES;
				CLANG_WARN_DIRECT_OBJC_ISA_USAGE = YES_ERROR;
				CLANG_WARN_DOCUMENTATION_COMMENTS = YES;
				CLANG_WARN_EMPTY_BODY = YES;
				CLANG_WARN_ENUM_CONVERSION = YES;
				CLANG_WARN_INFINITE_RECURSION = YES;
				CLANG_WARN_INT_CONVERSION = YES;
				CLANG_WARN_NON_LITERAL_NULL_CONVERSION = YES;
				CLANG_WARN_OBJC_IMPLICIT_RETAIN_SELF = YES;
				CLANG_WARN_OBJC_LITERAL_CONVERSION = YES;
				CLANG_WARN_OBJC_ROOT_CLASS = YES_ERROR;
				CLANG_WARN_QUOTED_INCLUDE_IN_FRAMEWORK_HEADER = YES;
				CLANG_WARN_RANGE_LOOP_ANALYSIS = YES;
				CLANG_WARN_STRICT_PROTOTYPES = YES;
				CLANG_WARN_SUSPICIOUS_MOVE = YES;
				CLANG_WARN_UNGUARDED_AVAILABILITY = YES_AGGRESSIVE;
				CLANG_WARN_UNREACHABLE_CODE = YES;
				CLANG_WARN__DUPLICATE_METHOD_MATCH = YES;
				COPY_PHASE_STRIP = NO;
				DEBUG_INFORMATION_FORMAT = "dwarf-with-dsym";
				ENABLE_NS_ASSERTIONS = NO;
				ENABLE_STRICT_OBJC_MSGSEND = YES;
				GCC_C_LANGUAGE_STANDARD = gnu11;
				GCC_NO_COMMON_BLOCKS = YES;
				GCC_WARN_64_TO_32_BIT_CONVERSION = YES;
				GCC_WARN_ABOUT_RETURN_TYPE = YES_ERROR;
				GCC_WARN_UNDECLARED_SELECTOR = YES;
				GCC_WARN_UNINITIALIZED_AUTOS = YES_AGGRESSIVE;
				GCC_WARN_UNUSED_FUNCTION = YES;
				GCC_WARN_UNUSED_VARIABLE = YES;
				IPHONEOS_DEPLOYMENT_TARGET = 14.5;
				MTL_ENABLE_DEBUG_INFO = NO;
				MTL_FAST_MATH = YES;
				SDKROOT = iphoneos;
				SWIFT_COMPILATION_MODE = wholemodule;
				SWIFT_OPTIMIZATION_LEVEL = "-O";
				VALIDATE_PRODUCT = YES;
			};
			name = Release;
		};
		132BEEEF2663E02100D2A75F /* Debug */ = {
			isa = XCBuildConfiguration;
			buildSettings = {
				ASSETCATALOG_COMPILER_APPICON_NAME = AppIcon;
				ASSETCATALOG_COMPILER_GLOBAL_ACCENT_COLOR_NAME = AccentColor;
				CODE_SIGN_STYLE = Automatic;
				INFOPLIST_FILE = "Circle Chart/Info.plist";
				LD_RUNPATH_SEARCH_PATHS = (
					"$(inherited)",
					"@executable_path/Frameworks",
				);
				PRODUCT_BUNDLE_IDENTIFIER = "com.mpalchuk.Circle-Chart";
				PRODUCT_NAME = "$(TARGET_NAME)";
				SWIFT_VERSION = 5.0;
				TARGETED_DEVICE_FAMILY = "1,2";
			};
			name = Debug;
		};
		132BEEF02663E02100D2A75F /* Release */ = {
			isa = XCBuildConfiguration;
			buildSettings = {
				ASSETCATALOG_COMPILER_APPICON_NAME = AppIcon;
				ASSETCATALOG_COMPILER_GLOBAL_ACCENT_COLOR_NAME = AccentColor;
				CODE_SIGN_STYLE = Automatic;
				INFOPLIST_FILE = "Circle Chart/Info.plist";
				LD_RUNPATH_SEARCH_PATHS = (
					"$(inherited)",
					"@executable_path/Frameworks",
				);
				PRODUCT_BUNDLE_IDENTIFIER = "com.mpalchuk.Circle-Chart";
				PRODUCT_NAME = "$(TARGET_NAME)";
				SWIFT_VERSION = 5.0;
				TARGETED_DEVICE_FAMILY = "1,2";
			};
			name = Release;
		};
/* End XCBuildConfiguration section */

/* Begin XCConfigurationList section */
		132BEED52663E02000D2A75F /* Build configuration list for PBXProject "Circle Chart" */ = {
			isa = XCConfigurationList;
			buildConfigurations = (
				132BEEEC2663E02100D2A75F /* Debug */,
				132BEEED2663E02100D2A75F /* Release */,
			);
			defaultConfigurationIsVisible = 0;
			defaultConfigurationName = Release;
		};
		132BEEEE2663E02100D2A75F /* Build configuration list for PBXNativeTarget "Circle Chart" */ = {
			isa = XCConfigurationList;
			buildConfigurations = (
				132BEEEF2663E02100D2A75F /* Debug */,
				132BEEF02663E02100D2A75F /* Release */,
			);
			defaultConfigurationIsVisible = 0;
			defaultConfigurationName = Release;
		};
/* End XCConfigurationList section */
	};
	rootObject = 132BEED22663E02000D2A75F /* Project object */;
}
